
Microsoft Visual Studio Solution File, Format Version 12.00
Project("{FAE04EC0-301F-11D3-BF4B-00C04F79EFBC}") = "RazorPizzeria", "RazorPizzeria\RazorPizzeria.csproj", "{1AB1682D-2E3A-4EA8-82DB-C20EAE34D6FF}"
EndProject
Global
	GlobalSection(SolutionConfigurationPlatforms) = preSolution
		Debug|Any CPU = Debug|Any CPU
		Release|Any CPU = Release|Any CPU
	EndGlobalSection
	GlobalSection(ProjectConfigurationPlatforms) = postSolution
		{1AB1682D-2E3A-4EA8-82DB-C20EAE34D6FF}.Debug|Any CPU.ActiveCfg = Debug|Any CPU
		{1AB1682D-2E3A-4EA8-82DB-C20EAE34D6FF}.Debug|Any CPU.Build.0 = Debug|Any CPU
		{1AB1682D-2E3A-4EA8-82DB-C20EAE34D6FF}.Release|Any CPU.ActiveCfg = Release|Any CPU
		{1AB1682D-2E3A-4EA8-82DB-C20EAE34D6FF}.Release|Any CPU.Build.0 = Release|Any CPU
	EndGlobalSection
EndGlobal
