
Microsoft Visual Studio Solution File, Format Version 12.00
Project("{FAE04EC0-301F-11D3-BF4B-00C04F79EFBC}") = "BulkyBookWeb", "BulkyBookWeb\BulkyBookWeb.csproj", "{39502F87-EE1F-48D2-87DF-7C8A1F3A15E2}"
EndProject
Global
	GlobalSection(SolutionConfigurationPlatforms) = preSolution
		Debug|Any CPU = Debug|Any CPU
		Release|Any CPU = Release|Any CPU
	EndGlobalSection
	GlobalSection(ProjectConfigurationPlatforms) = postSolution
		{39502F87-EE1F-48D2-87DF-7C8A1F3A15E2}.Debug|Any CPU.ActiveCfg = Debug|Any CPU
		{39502F87-EE1F-48D2-87DF-7C8A1F3A15E2}.Debug|Any CPU.Build.0 = Debug|Any CPU
		{39502F87-EE1F-48D2-87DF-7C8A1F3A15E2}.Release|Any CPU.ActiveCfg = Release|Any CPU
		{39502F87-EE1F-48D2-87DF-7C8A1F3A15E2}.Release|Any CPU.Build.0 = Release|Any CPU
	EndGlobalSection
EndGlobal
